{
  "nodes": {
    "home-manager": {
      "inputs": {
        "nixpkgs": [
          "nixpkgs"
        ]
      },
      "locked": {
        "lastModified": 1757075491,
        "narHash": "sha256-a+NMGl5tcvm+hyfSG2DlVPa8nZLpsumuRj1FfcKb2mQ=",
        "owner": "nix-community",
        "repo": "home-manager",
        "rev": "f56bf065f9abedc7bc15e1f2454aa5c8edabaacf",
        "type": "github"
      },
      "original": {
        "owner": "nix-community",
        "repo": "home-manager",
        "type": "github"
      }
    },
    "nixpkgs": {
      "locked": {
        "lastModified": 1757068644,
        "narHash": "sha256-NOrUtIhTkIIumj1E/Rsv1J37Yi3xGStISEo8tZm3KW4=",
        "owner": "nixos",
        "repo": "nixpkgs",
        "rev": "8eb28adfa3dc4de28e792e3bf49fcf9007ca8ac9",
        "type": "github"
      },
      "original": {
        "owner": "nixos",
        "ref": "nixos-unstable",
        "repo": "nixpkgs",
        "type": "github"
      }
    },
    "root": {
      "inputs": {
        "home-manager": "home-manager",
        "nixpkgs": "nixpkgs",
        "tmux-tpm": "tmux-tpm",
        "zsh-history-substring-search": "zsh-history-substring-search",
        "zsh-vi-mode": "zsh-vi-mode"
      }
    },
    "tmux-tpm": {
      "flake": false,
      "locked": {
        "lastModified": 1677502767,
        "narHash": "sha256-hW8mfwB8F9ZkTQ72WQp/1fy8KL1IIYMZBtZYIwZdMQc=",
        "owner": "tmux-plugins",
        "repo": "tpm",
        "rev": "99469c4a9b1ccf77fade25842dc7bafbc8ce9946",
        "type": "github"
      },
      "original": {
        "owner": "tmux-plugins",
        "repo": "tpm",
        "type": "github"
      }
    },
    "zsh-history-substring-search": {
      "flake": false,
      "locked": {
        "lastModified": 1717563893,
        "narHash": "sha256-1+w0AeVJtu1EK5iNVwk3loenFuIyVlQmlw8TWliHZGI=",
        "owner": "zsh-users",
        "repo": "zsh-history-substring-search",
        "rev": "87ce96b1862928d84b1afe7c173316614b30e301",
        "type": "github"
      },
      "original": {
        "owner": "zsh-users",
        "repo": "zsh-history-substring-search",
        "type": "github"
      }
    },
    "zsh-vi-mode": {
      "flake": false,
      "locked": {
        "lastModified": 1756172612,
        "narHash": "sha256-LMiUoxb3NeUI0rbE56D18XgouZdO4TOpF+HVKUs/LRY=",
        "owner": "jeffreytse",
        "repo": "zsh-vi-mode",
        "rev": "808579b101943bc25860255334624dcb899fe3cd",
        "type": "github"
      },
      "original": {
        "owner": "jeffreytse",
        "repo": "zsh-vi-mode",
        "type": "github"
      }
    }
  },
  "root": "root",
  "version": 7
}
