{
  "nodes": {
    "home-manager": {
      "inputs": {
        "nixpkgs": [
          "nixpkgs"
        ]
      },
      "locked": {
        "lastModified": 1753732062,
        "narHash": "sha256-vojVM0SgFP8crFh1LDDXkzaI9/er/1cuRfbNPhfBHyc=",
        "owner": "nix-community",
        "repo": "home-manager",
        "rev": "f49e872f55e36e67ebcb906ff65f86c7a1538f7c",
        "type": "github"
      },
      "original": {
        "owner": "nix-community",
        "repo": "home-manager",
        "type": "github"
      }
    },
    "nixpkgs": {
      "locked": {
        "lastModified": 1753549186,
        "narHash": "sha256-Znl7rzuxKg/Mdm6AhimcKynM7V3YeNDIcLjBuoBcmNs=",
        "owner": "nixos",
        "repo": "nixpkgs",
        "rev": "17f6bd177404d6d43017595c5264756764444ab8",
        "type": "github"
      },
      "original": {
        "owner": "nixos",
        "ref": "nixos-unstable",
        "repo": "nixpkgs",
        "type": "github"
      }
    },
    "root": {
      "inputs": {
        "home-manager": "home-manager",
        "nixpkgs": "nixpkgs",
        "tmux-tpm": "tmux-tpm",
        "zsh-history-substring-search": "zsh-history-substring-search",
        "zsh-vi-mode": "zsh-vi-mode"
      }
    },
    "tmux-tpm": {
      "flake": false,
      "locked": {
        "lastModified": 1677502767,
        "narHash": "sha256-hW8mfwB8F9ZkTQ72WQp/1fy8KL1IIYMZBtZYIwZdMQc=",
        "owner": "tmux-plugins",
        "repo": "tpm",
        "rev": "99469c4a9b1ccf77fade25842dc7bafbc8ce9946",
        "type": "github"
      },
      "original": {
        "owner": "tmux-plugins",
        "repo": "tpm",
        "type": "github"
      }
    },
    "zsh-history-substring-search": {
      "flake": false,
      "locked": {
        "lastModified": 1717563893,
        "narHash": "sha256-1+w0AeVJtu1EK5iNVwk3loenFuIyVlQmlw8TWliHZGI=",
        "owner": "zsh-users",
        "repo": "zsh-history-substring-search",
        "rev": "87ce96b1862928d84b1afe7c173316614b30e301",
        "type": "github"
      },
      "original": {
        "owner": "zsh-users",
        "repo": "zsh-history-substring-search",
        "type": "github"
      }
    },
    "zsh-vi-mode": {
      "flake": false,
      "locked": {
        "lastModified": 1745287036,
        "narHash": "sha256-CkU0qd0ba9QsPaI3rYCgalbRR5kWYWIa0Kn7L07aNUI=",
        "owner": "jeffreytse",
        "repo": "zsh-vi-mode",
        "rev": "f82c4c8f4b2bdd9c914653d8f21fbb32e7f2ea6c",
        "type": "github"
      },
      "original": {
        "owner": "jeffreytse",
        "repo": "zsh-vi-mode",
        "type": "github"
      }
    }
  },
  "root": "root",
  "version": 7
}
